
Microsoft Visual Studio Solution File, Format Version 12.00
# Visual Studio Version 16
VisualStudioVersion = 16.0.31129.286
MinimumVisualStudioVersion = 10.0.40219.1
Project("{9A19103F-16F7-4668-BE54-9A1E7A4F7556}") = "Creativa", "Creativa.csproj", "{6A136399-577D-489F-9A52-181024697870}"
EndProject
Global
	GlobalSection(SolutionConfigurationPlatforms) = preSolution
		Debug|Any CPU = Debug|Any CPU
		Release|Any CPU = Release|Any CPU
	EndGlobalSection
	GlobalSection(ProjectConfigurationPlatforms) = postSolution
		{6A136399-577D-489F-9A52-181024697870}.Debug|Any CPU.ActiveCfg = Debug|Any CPU
		{6A136399-577D-489F-9A52-181024697870}.Debug|Any CPU.Build.0 = Debug|Any CPU
		{6A136399-577D-489F-9A52-181024697870}.Release|Any CPU.ActiveCfg = Release|Any CPU
		{6A136399-577D-489F-9A52-181024697870}.Release|Any CPU.Build.0 = Release|Any CPU
	EndGlobalSection
	GlobalSection(SolutionProperties) = preSolution
		HideSolutionNode = FALSE
	EndGlobalSection
	GlobalSection(ExtensibilityGlobals) = postSolution
		SolutionGuid = {05E44AA5-BD3A-4A26-8DAC-2CDDD0192DF7}
	EndGlobalSection
EndGlobal
